
Microsoft Visual Studio Solution File, Format Version 12.00
# Visual Studio Version 16
VisualStudioVersion = 16.0.30717.126
MinimumVisualStudioVersion = 10.0.40219.1
Project("{9A19103F-16F7-4668-BE54-9A1E7A4F7556}") = "CarControl", "CarControl\CarControl.csproj", "{0C30EA77-F235-4F80-B008-0E4FF4C38CC5}"
EndProject
Project("{FAE04EC0-301F-11D3-BF4B-00C04F79EFBC}") = "CarControl.Business", "CarControl.Business\CarControl.Business.csproj", "{D53786DB-E746-458B-ABB9-67F1FADC8667}"
EndProject
Project("{FAE04EC0-301F-11D3-BF4B-00C04F79EFBC}") = "CarControl.Entities", "CarControl.Entities\CarControl.Entities.csproj", "{48C2019E-EAEB-4D9E-8AFC-AF7B42CCC585}"
EndProject
Global
	GlobalSection(SolutionConfigurationPlatforms) = preSolution
		Debug|Any CPU = Debug|Any CPU
		Release|Any CPU = Release|Any CPU
	EndGlobalSection
	GlobalSection(ProjectConfigurationPlatforms) = postSolution
		{0C30EA77-F235-4F80-B008-0E4FF4C38CC5}.Debug|Any CPU.ActiveCfg = Debug|Any CPU
		{0C30EA77-F235-4F80-B008-0E4FF4C38CC5}.Debug|Any CPU.Build.0 = Debug|Any CPU
		{0C30EA77-F235-4F80-B008-0E4FF4C38CC5}.Release|Any CPU.ActiveCfg = Release|Any CPU
		{0C30EA77-F235-4F80-B008-0E4FF4C38CC5}.Release|Any CPU.Build.0 = Release|Any CPU
		{D53786DB-E746-458B-ABB9-67F1FADC8667}.Debug|Any CPU.ActiveCfg = Debug|Any CPU
		{D53786DB-E746-458B-ABB9-67F1FADC8667}.Debug|Any CPU.Build.0 = Debug|Any CPU
		{D53786DB-E746-458B-ABB9-67F1FADC8667}.Release|Any CPU.ActiveCfg = Release|Any CPU
		{D53786DB-E746-458B-ABB9-67F1FADC8667}.Release|Any CPU.Build.0 = Release|Any CPU
		{48C2019E-EAEB-4D9E-8AFC-AF7B42CCC585}.Debug|Any CPU.ActiveCfg = Debug|Any CPU
		{48C2019E-EAEB-4D9E-8AFC-AF7B42CCC585}.Debug|Any CPU.Build.0 = Debug|Any CPU
		{48C2019E-EAEB-4D9E-8AFC-AF7B42CCC585}.Release|Any CPU.ActiveCfg = Release|Any CPU
		{48C2019E-EAEB-4D9E-8AFC-AF7B42CCC585}.Release|Any CPU.Build.0 = Release|Any CPU
	EndGlobalSection
	GlobalSection(SolutionProperties) = preSolution
		HideSolutionNode = FALSE
	EndGlobalSection
	GlobalSection(ExtensibilityGlobals) = postSolution
		SolutionGuid = {36A5C365-2F55-4322-8554-E7F562C948B1}
	EndGlobalSection
EndGlobal
